{
  "requires": true,
  "lockfileVersion": 1,
  "dependencies": {
    "@react-navigation/core": {
      "version": "5.10.0",
      "resolved": "https://registry.npmjs.org/@react-navigation/core/-/core-5.10.0.tgz",
      "integrity": "sha512-cVQTj5FtZHWuymjZMP50RVXYpkQUbo1zQPjxJl+UfBUh7u9nKexknajBhjYbZq61uDE4MmPE8qAqIEJHKeR4Hg==",
      "requires": {
        "@react-navigation/routers": "^5.4.7",
        "escape-string-regexp": "^4.0.0",
        "nanoid": "^3.1.5",
        "query-string": "^6.12.1",
        "react-is": "^16.13.0",
        "use-subscription": "^1.4.0"
      }
    },
    "@react-navigation/native": {
      "version": "5.5.1",
      "resolved": "https://registry.npmjs.org/@react-navigation/native/-/native-5.5.1.tgz",
      "integrity": "sha512-5pzsfvLdnvqfrWgTMCLDFaGK6Sj30p7tAMhUGneV2oGlx0OIbhgc6/04UUMpKEmAS2PaC/GZa1LQIsSVWDewvw==",
      "requires": {
        "@react-navigation/core": "^5.10.0",
        "nanoid": "^3.1.9"
      }
    },
    "@react-navigation/routers": {
      "version": "5.4.7",
      "resolved": "https://registry.npmjs.org/@react-navigation/routers/-/routers-5.4.7.tgz",
      "integrity": "sha512-J+lQYDbEsyhAjcPpWY6ZJYEkGiZcPX62hNtySruShjbIEnI9gm3rC+BHdcrP/lufeWxWGFhI8CN7NSJGgP/Nmg==",
      "requires": {
        "nanoid": "^3.1.5"
      }
    },
    "decode-uri-component": {
      "version": "0.2.0",
      "resolved": "https://registry.npmjs.org/decode-uri-component/-/decode-uri-component-0.2.0.tgz",
      "integrity": "sha1-6zkTMzRYd1y4TNGh+uBiEGu4dUU="
    },
    "escape-string-regexp": {
      "version": "4.0.0",
      "resolved": "https://registry.npmjs.org/escape-string-regexp/-/escape-string-regexp-4.0.0.tgz",
      "integrity": "sha512-TtpcNJ3XAzx3Gq8sWRzJaVajRs0uVxA2YAkdb1jm2YkPz4G6egUFAyA3n5vtEIZefPk5Wa4UXbKuS5fKkJWdgA=="
    },
    "js-tokens": {
      "version": "4.0.0",
      "resolved": "https://registry.npmjs.org/js-tokens/-/js-tokens-4.0.0.tgz",
      "integrity": "sha512-RdJUflcE3cUzKiMqQgsCu06FPu9UdIJO0beYbPhHN4k6apgJtifcoCtT9bcxOpYBtpD2kCM6Sbzg4CausW/PKQ=="
    },
    "loose-envify": {
      "version": "1.4.0",
      "resolved": "https://registry.npmjs.org/loose-envify/-/loose-envify-1.4.0.tgz",
      "integrity": "sha512-lyuxPGr/Wfhrlem2CL/UcnUc1zcqKAImBDzukY7Y5F/yQiNdko6+fRLevlw1HgMySw7f611UIY408EtxRSoK3Q==",
      "requires": {
        "js-tokens": "^3.0.0 || ^4.0.0"
      }
    },
    "nanoid": {
      "version": "3.1.10",
      "resolved": "https://registry.npmjs.org/nanoid/-/nanoid-3.1.10.tgz",
      "integrity": "sha512-iZFMXKeXWkxzlfmMfM91gw7YhN2sdJtixY+eZh9V6QWJWTOiurhpKhBMgr82pfzgSqglQgqYSCowEYsz8D++6w=="
    },
    "object-assign": {
      "version": "4.1.1",
      "resolved": "https://registry.npmjs.org/object-assign/-/object-assign-4.1.1.tgz",
      "integrity": "sha1-IQmtx5ZYh8/AXLvUQsrIv7s2CGM="
    },
    "prop-types": {
      "version": "15.7.2",
      "resolved": "https://registry.npmjs.org/prop-types/-/prop-types-15.7.2.tgz",
      "integrity": "sha512-8QQikdH7//R2vurIJSutZ1smHYTcLpRWEOlHnzcWHmBYrOGUysKwSsrC89BCiFj3CbrfJ/nXFdJepOVrY1GCHQ==",
      "requires": {
        "loose-envify": "^1.4.0",
        "object-assign": "^4.1.1",
        "react-is": "^16.8.1"
      }
    },
    "query-string": {
      "version": "6.13.1",
      "resolved": "https://registry.npmjs.org/query-string/-/query-string-6.13.1.tgz",
      "integrity": "sha512-RfoButmcK+yCta1+FuU8REvisx1oEzhMKwhLUNcepQTPGcNMp1sIqjnfCtfnvGSQZQEhaBHvccujtWoUV3TTbA==",
      "requires": {
        "decode-uri-component": "^0.2.0",
        "split-on-first": "^1.0.0",
        "strict-uri-encode": "^2.0.0"
      }
    },
    "react-is": {
      "version": "16.13.1",
      "resolved": "https://registry.npmjs.org/react-is/-/react-is-16.13.1.tgz",
      "integrity": "sha512-24e6ynE2H+OKt4kqsOvNd8kBpV65zoxbA4BVsEOB3ARVWQki/DHzaUoC5KuON/BiccDaCCTZBuOcfZs70kR8bQ=="
    },
    "react-native-camera": {
      "version": "3.30.0",
      "resolved": "https://registry.npmjs.org/react-native-camera/-/react-native-camera-3.30.0.tgz",
      "integrity": "sha512-rZorpBHXnc4MT9N6ddV4iC7h9dSUx4umtXvAKMkdYr3ZONlZcEfWxup7YCeAZ5wu4x43SvhSiTfYd8g0q+V0wg==",
      "requires": {
        "prop-types": "^15.6.2"
      }
    },
    "split-on-first": {
      "version": "1.1.0",
      "resolved": "https://registry.npmjs.org/split-on-first/-/split-on-first-1.1.0.tgz",
      "integrity": "sha512-43ZssAJaMusuKWL8sKUBQXHWOpq8d6CfN/u1p4gUzfJkM05C8rxTmYrkIPTXapZpORA6LkkzcUulJ8FqA7Uudw=="
    },
    "strict-uri-encode": {
      "version": "2.0.0",
      "resolved": "https://registry.npmjs.org/strict-uri-encode/-/strict-uri-encode-2.0.0.tgz",
      "integrity": "sha1-ucczDHBChi9rFC3CdLvMWGbONUY="
    },
    "use-subscription": {
      "version": "1.4.1",
      "resolved": "https://registry.npmjs.org/use-subscription/-/use-subscription-1.4.1.tgz",
      "integrity": "sha512-7+IIwDG/4JICrWHL/Q/ZPK5yozEnvRm6vHImu0LKwQlmWGKeiF7mbAenLlK/cTNXrTtXHU/SFASQHzB6+oSJMQ==",
      "requires": {
        "object-assign": "^4.1.1"
      }
    }
  }
}
